// !$*UTF8*$!
{
	archiveVersion = 1;
	classes = {
	};
	objectVersion = 51;
	objects = {

/* Begin PBXBuildFile section */
		153429EB28CF61A000E1FBE8 /* PhotoViewCell.swift in Sources */ = {isa = PBXBuildFile; fileRef = 153429EA28CF61A000E1FBE8 /* PhotoViewCell.swift */; };
		153429EE28CF64EA00E1FBE8 /* SearchResult.swift in Sources */ = {isa = PBXBuildFile; fileRef = 153429ED28CF64EA00E1FBE8 /* SearchResult.swift */; };
		153429F128CF659D00E1FBE8 /* NetworkManager.swift in Sources */ = {isa = PBXBuildFile; fileRef = 153429F028CF659D00E1FBE8 /* NetworkManager.swift */; };
		153429F428CF68D900E1FBE8 /* DataFetcher.swift in Sources */ = {isa = PBXBuildFile; fileRef = 153429F328CF68D900E1FBE8 /* DataFetcher.swift */; };
		153429FB28CF7B9200E1FBE8 /* DetailViewController.swift in Sources */ = {isa = PBXBuildFile; fileRef = 153429FA28CF7B9200E1FBE8 /* DetailViewController.swift */; };
		15342A1A28D1BE6700E1FBE8 /* UserDefaults.swift in Sources */ = {isa = PBXBuildFile; fileRef = 15342A1928D1BE6700E1FBE8 /* UserDefaults.swift */; };
		15342A4C28D6F02200E1FBE8 /* FavoritesViewController.swift in Sources */ = {isa = PBXBuildFile; fileRef = 15342A4B28D6F02100E1FBE8 /* FavoritesViewController.swift */; };
		155F735228CE3117007EEF5C /* AppDelegate.swift in Sources */ = {isa = PBXBuildFile; fileRef = 155F735128CE3117007EEF5C /* AppDelegate.swift */; };
		155F735428CE3117007EEF5C /* SceneDelegate.swift in Sources */ = {isa = PBXBuildFile; fileRef = 155F735328CE3117007EEF5C /* SceneDelegate.swift */; };
		155F735B28CE3119007EEF5C /* Assets.xcassets in Resources */ = {isa = PBXBuildFile; fileRef = 155F735A28CE3119007EEF5C /* Assets.xcassets */; };
		155F736E28CE3200007EEF5C /* MainTabBarController.swift in Sources */ = {isa = PBXBuildFile; fileRef = 155F736D28CE3200007EEF5C /* MainTabBarController.swift */; };
		155F737D28CE371B007EEF5C /* PhotoViewController.swift in Sources */ = {isa = PBXBuildFile; fileRef = 155F737C28CE371B007EEF5C /* PhotoViewController.swift */; };
		155F7A9728D9A68700048D22 /* FavoritesViewCell.swift in Sources */ = {isa = PBXBuildFile; fileRef = 155F7A9628D9A68700048D22 /* FavoritesViewCell.swift */; };
		15B8094D28CE5EE500771CDF /* LaunchScreen.storyboard in Resources */ = {isa = PBXBuildFile; fileRef = 15B8094C28CE5EE500771CDF /* LaunchScreen.storyboard */; };
		15DEC2A228E072A900D9994E /* UIApplication.swift in Sources */ = {isa = PBXBuildFile; fileRef = 15DEC2A128E072A900D9994E /* UIApplication.swift */; };
		9E5A80CE2F9DFD1CC3F03406 /* Pods_UnsplashMiniApp.framework in Frameworks */ = {isa = PBXBuildFile; fileRef = CC3D9672E421CD012DE1E3BA /* Pods_UnsplashMiniApp.framework */; };
/* End PBXBuildFile section */

/* Begin PBXFileReference section */
		153429EA28CF61A000E1FBE8 /* PhotoViewCell.swift */ = {isa = PBXFileReference; lastKnownFileType = sourcecode.swift; path = PhotoViewCell.swift; sourceTree = "<group>"; };
		153429ED28CF64EA00E1FBE8 /* SearchResult.swift */ = {isa = PBXFileReference; lastKnownFileType = sourcecode.swift; path = SearchResult.swift; sourceTree = "<group>"; };
		153429F028CF659D00E1FBE8 /* NetworkManager.swift */ = {isa = PBXFileReference; lastKnownFileType = sourcecode.swift; path = NetworkManager.swift; sourceTree = "<group>"; };
		153429F328CF68D900E1FBE8 /* DataFetcher.swift */ = {isa = PBXFileReference; lastKnownFileType = sourcecode.swift; path = DataFetcher.swift; sourceTree = "<group>"; };
		153429FA28CF7B9200E1FBE8 /* DetailViewController.swift */ = {isa = PBXFileReference; lastKnownFileType = sourcecode.swift; path = DetailViewController.swift; sourceTree = "<group>"; };
		15342A1928D1BE6700E1FBE8 /* UserDefaults.swift */ = {isa = PBXFileReference; lastKnownFileType = sourcecode.swift; path = UserDefaults.swift; sourceTree = "<group>"; };
		15342A4B28D6F02100E1FBE8 /* FavoritesViewController.swift */ = {isa = PBXFileReference; lastKnownFileType = sourcecode.swift; path = FavoritesViewController.swift; sourceTree = "<group>"; };
		155F734E28CE3117007EEF5C /* UnsplashMiniApp.app */ = {isa = PBXFileReference; explicitFileType = wrapper.application; includeInIndex = 0; path = UnsplashMiniApp.app; sourceTree = BUILT_PRODUCTS_DIR; };
		155F735128CE3117007EEF5C /* AppDelegate.swift */ = {isa = PBXFileReference; lastKnownFileType = sourcecode.swift; path = AppDelegate.swift; sourceTree = "<group>"; };
		155F735328CE3117007EEF5C /* SceneDelegate.swift */ = {isa = PBXFileReference; lastKnownFileType = sourcecode.swift; path = SceneDelegate.swift; sourceTree = "<group>"; };
		155F735A28CE3119007EEF5C /* Assets.xcassets */ = {isa = PBXFileReference; lastKnownFileType = folder.assetcatalog; path = Assets.xcassets; sourceTree = "<group>"; };
		155F735F28CE3119007EEF5C /* Info.plist */ = {isa = PBXFileReference; lastKnownFileType = text.plist.xml; path = Info.plist; sourceTree = "<group>"; };
		155F736D28CE3200007EEF5C /* MainTabBarController.swift */ = {isa = PBXFileReference; lastKnownFileType = sourcecode.swift; path = MainTabBarController.swift; sourceTree = "<group>"; };
		155F737C28CE371B007EEF5C /* PhotoViewController.swift */ = {isa = PBXFileReference; lastKnownFileType = sourcecode.swift; path = PhotoViewController.swift; sourceTree = "<group>"; };
		155F7A9628D9A68700048D22 /* FavoritesViewCell.swift */ = {isa = PBXFileReference; lastKnownFileType = sourcecode.swift; path = FavoritesViewCell.swift; sourceTree = "<group>"; };
		15B8094C28CE5EE500771CDF /* LaunchScreen.storyboard */ = {isa = PBXFileReference; fileEncoding = 4; lastKnownFileType = file.storyboard; path = LaunchScreen.storyboard; sourceTree = "<group>"; };
		15DEC2A128E072A900D9994E /* UIApplication.swift */ = {isa = PBXFileReference; lastKnownFileType = sourcecode.swift; path = UIApplication.swift; sourceTree = "<group>"; };
		C92E087128C582CAC6A00CAD /* Pods-UnsplashMiniApp.debug.xcconfig */ = {isa = PBXFileReference; includeInIndex = 1; lastKnownFileType = text.xcconfig; name = "Pods-UnsplashMiniApp.debug.xcconfig"; path = "Target Support Files/Pods-UnsplashMiniApp/Pods-UnsplashMiniApp.debug.xcconfig"; sourceTree = "<group>"; };
		CC3D9672E421CD012DE1E3BA /* Pods_UnsplashMiniApp.framework */ = {isa = PBXFileReference; explicitFileType = wrapper.framework; includeInIndex = 0; path = Pods_UnsplashMiniApp.framework; sourceTree = BUILT_PRODUCTS_DIR; };
		CD9020D31B610157193B60C2 /* Pods-UnsplashMiniApp.release.xcconfig */ = {isa = PBXFileReference; includeInIndex = 1; lastKnownFileType = text.xcconfig; name = "Pods-UnsplashMiniApp.release.xcconfig"; path = "Target Support Files/Pods-UnsplashMiniApp/Pods-UnsplashMiniApp.release.xcconfig"; sourceTree = "<group>"; };
/* End PBXFileReference section */

/* Begin PBXFrameworksBuildPhase section */
		155F734B28CE3117007EEF5C /* Frameworks */ = {
			isa = PBXFrameworksBuildPhase;
			buildActionMask = 2147483647;
			files = (
				9E5A80CE2F9DFD1CC3F03406 /* Pods_UnsplashMiniApp.framework in Frameworks */,
			);
			runOnlyForDeploymentPostprocessing = 0;
		};
/* End PBXFrameworksBuildPhase section */

/* Begin PBXGroup section */
		153429E828CF505E00E1FBE8 /* SupportingFiles */ = {
			isa = PBXGroup;
			children = (
				15B8094C28CE5EE500771CDF /* LaunchScreen.storyboard */,
				155F735A28CE3119007EEF5C /* Assets.xcassets */,
				155F735F28CE3119007EEF5C /* Info.plist */,
			);
			path = SupportingFiles;
			sourceTree = "<group>";
		};
		1537AC18290A78E000A4DFAB /* Application */ = {
			isa = PBXGroup;
			children = (
				155F735128CE3117007EEF5C /* AppDelegate.swift */,
				155F735328CE3117007EEF5C /* SceneDelegate.swift */,
			);
			path = Application;
			sourceTree = "<group>";
		};
		155F734528CE3117007EEF5C = {
			isa = PBXGroup;
			children = (
				155F735028CE3117007EEF5C /* UnsplashMiniApp */,
				155F734F28CE3117007EEF5C /* Products */,
				F0712A6F48E84C1A04EA0584 /* Pods */,
				7E8B384FF44FF5BC18A06B55 /* Frameworks */,
			);
			sourceTree = "<group>";
		};
		155F734F28CE3117007EEF5C /* Products */ = {
			isa = PBXGroup;
			children = (
				155F734E28CE3117007EEF5C /* UnsplashMiniApp.app */,
			);
			name = Products;
			sourceTree = "<group>";
		};
		155F735028CE3117007EEF5C /* UnsplashMiniApp */ = {
			isa = PBXGroup;
			children = (
				1537AC18290A78E000A4DFAB /* Application */,
				155F736B28CE31B6007EEF5C /* Services */,
				155F736A28CE31AF007EEF5C /* Helpers */,
				155F736928CE31A6007EEF5C /* Models */,
				155F736828CE31A1007EEF5C /* Views */,
				155F736728CE319A007EEF5C /* Controllers */,
				153429E828CF505E00E1FBE8 /* SupportingFiles */,
			);
			path = UnsplashMiniApp;
			sourceTree = "<group>";
		};
		155F736728CE319A007EEF5C /* Controllers */ = {
			isa = PBXGroup;
			children = (
				155F736D28CE3200007EEF5C /* MainTabBarController.swift */,
				155F737C28CE371B007EEF5C /* PhotoViewController.swift */,
				15342A4B28D6F02100E1FBE8 /* FavoritesViewController.swift */,
				153429FA28CF7B9200E1FBE8 /* DetailViewController.swift */,
			);
			path = Controllers;
			sourceTree = "<group>";
		};
		155F736828CE31A1007EEF5C /* Views */ = {
			isa = PBXGroup;
			children = (
				153429EA28CF61A000E1FBE8 /* PhotoViewCell.swift */,
				155F7A9628D9A68700048D22 /* FavoritesViewCell.swift */,
			);
			path = Views;
			sourceTree = "<group>";
		};
		155F736928CE31A6007EEF5C /* Models */ = {
			isa = PBXGroup;
			children = (
				153429ED28CF64EA00E1FBE8 /* SearchResult.swift */,
			);
			path = Models;
			sourceTree = "<group>";
		};
		155F736A28CE31AF007EEF5C /* Helpers */ = {
			isa = PBXGroup;
			children = (
				15342A1928D1BE6700E1FBE8 /* UserDefaults.swift */,
				15DEC2A128E072A900D9994E /* UIApplication.swift */,
			);
			path = Helpers;
			sourceTree = "<group>";
		};
		155F736B28CE31B6007EEF5C /* Services */ = {
			isa = PBXGroup;
			children = (
				153429F028CF659D00E1FBE8 /* NetworkManager.swift */,
				153429F328CF68D900E1FBE8 /* DataFetcher.swift */,
			);
			path = Services;
			sourceTree = "<group>";
		};
		7E8B384FF44FF5BC18A06B55 /* Frameworks */ = {
			isa = PBXGroup;
			children = (
				CC3D9672E421CD012DE1E3BA /* Pods_UnsplashMiniApp.framework */,
			);
			name = Frameworks;
			sourceTree = "<group>";
		};
		F0712A6F48E84C1A04EA0584 /* Pods */ = {
			isa = PBXGroup;
			children = (
				C92E087128C582CAC6A00CAD /* Pods-UnsplashMiniApp.debug.xcconfig */,
				CD9020D31B610157193B60C2 /* Pods-UnsplashMiniApp.release.xcconfig */,
			);
			path = Pods;
			sourceTree = "<group>";
		};
/* End PBXGroup section */

/* Begin PBXNativeTarget section */
		155F734D28CE3117007EEF5C /* UnsplashMiniApp */ = {
			isa = PBXNativeTarget;
			buildConfigurationList = 155F736228CE3119007EEF5C /* Build configuration list for PBXNativeTarget "UnsplashMiniApp" */;
			buildPhases = (
				F1A601663545AD1CEAA0ACC7 /* [CP] Check Pods Manifest.lock */,
				155F734A28CE3117007EEF5C /* Sources */,
				155F734B28CE3117007EEF5C /* Frameworks */,
				155F734C28CE3117007EEF5C /* Resources */,
				458D86A5AACA6CD55C0A3848 /* [CP] Embed Pods Frameworks */,
			);
			buildRules = (
			);
			dependencies = (
			);
			name = UnsplashMiniApp;
			productName = UnsplashMiniApp;
			productReference = 155F734E28CE3117007EEF5C /* UnsplashMiniApp.app */;
			productType = "com.apple.product-type.application";
		};
/* End PBXNativeTarget section */

/* Begin PBXProject section */
		155F734628CE3117007EEF5C /* Project object */ = {
			isa = PBXProject;
			attributes = {
				LastSwiftUpdateCheck = 1200;
				LastUpgradeCheck = 1200;
				TargetAttributes = {
					155F734D28CE3117007EEF5C = {
						CreatedOnToolsVersion = 12.0;
					};
				};
			};
			buildConfigurationList = 155F734928CE3117007EEF5C /* Build configuration list for PBXProject "UnsplashMiniApp" */;
			compatibilityVersion = "Xcode 9.3";
			developmentRegion = en;
			hasScannedForEncodings = 0;
			knownRegions = (
				en,
				Base,
			);
			mainGroup = 155F734528CE3117007EEF5C;
			productRefGroup = 155F734F28CE3117007EEF5C /* Products */;
			projectDirPath = "";
			projectRoot = "";
			targets = (
				155F734D28CE3117007EEF5C /* UnsplashMiniApp */,
			);
		};
/* End PBXProject section */

/* Begin PBXResourcesBuildPhase section */
		155F734C28CE3117007EEF5C /* Resources */ = {
			isa = PBXResourcesBuildPhase;
			buildActionMask = 2147483647;
			files = (
				15B8094D28CE5EE500771CDF /* LaunchScreen.storyboard in Resources */,
				155F735B28CE3119007EEF5C /* Assets.xcassets in Resources */,
			);
			runOnlyForDeploymentPostprocessing = 0;
		};
/* End PBXResourcesBuildPhase section */

/* Begin PBXShellScriptBuildPhase section */
		458D86A5AACA6CD55C0A3848 /* [CP] Embed Pods Frameworks */ = {
			isa = PBXShellScriptBuildPhase;
			buildActionMask = 2147483647;
			files = (
			);
			inputFileListPaths = (
				"${PODS_ROOT}/Target Support Files/Pods-UnsplashMiniApp/Pods-UnsplashMiniApp-frameworks-${CONFIGURATION}-input-files.xcfilelist",
			);
			name = "[CP] Embed Pods Frameworks";
			outputFileListPaths = (
				"${PODS_ROOT}/Target Support Files/Pods-UnsplashMiniApp/Pods-UnsplashMiniApp-frameworks-${CONFIGURATION}-output-files.xcfilelist",
			);
			runOnlyForDeploymentPostprocessing = 0;
			shellPath = /bin/sh;
			shellScript = "\"${PODS_ROOT}/Target Support Files/Pods-UnsplashMiniApp/Pods-UnsplashMiniApp-frameworks.sh\"\n";
			showEnvVarsInLog = 0;
		};
		F1A601663545AD1CEAA0ACC7 /* [CP] Check Pods Manifest.lock */ = {
			isa = PBXShellScriptBuildPhase;
			buildActionMask = 2147483647;
			files = (
			);
			inputFileListPaths = (
			);
			inputPaths = (
				"${PODS_PODFILE_DIR_PATH}/Podfile.lock",
				"${PODS_ROOT}/Manifest.lock",
			);
			name = "[CP] Check Pods Manifest.lock";
			outputFileListPaths = (
			);
			outputPaths = (
				"$(DERIVED_FILE_DIR)/Pods-UnsplashMiniApp-checkManifestLockResult.txt",
			);
			runOnlyForDeploymentPostprocessing = 0;
			shellPath = /bin/sh;
			shellScript = "diff \"${PODS_PODFILE_DIR_PATH}/Podfile.lock\" \"${PODS_ROOT}/Manifest.lock\" > /dev/null\nif [ $? != 0 ] ; then\n    # print error to STDERR\n    echo \"error: The sandbox is not in sync with the Podfile.lock. Run 'pod install' or update your CocoaPods installation.\" >&2\n    exit 1\nfi\n# This output is used by Xcode 'outputs' to avoid re-running this script phase.\necho \"SUCCESS\" > \"${SCRIPT_OUTPUT_FILE_0}\"\n";
			showEnvVarsInLog = 0;
		};
/* End PBXShellScriptBuildPhase section */

/* Begin PBXSourcesBuildPhase section */
		155F734A28CE3117007EEF5C /* Sources */ = {
			isa = PBXSourcesBuildPhase;
			buildActionMask = 2147483647;
			files = (
				15342A4C28D6F02200E1FBE8 /* FavoritesViewController.swift in Sources */,
				153429FB28CF7B9200E1FBE8 /* DetailViewController.swift in Sources */,
				153429F128CF659D00E1FBE8 /* NetworkManager.swift in Sources */,
				155F735228CE3117007EEF5C /* AppDelegate.swift in Sources */,
				153429EB28CF61A000E1FBE8 /* PhotoViewCell.swift in Sources */,
				153429EE28CF64EA00E1FBE8 /* SearchResult.swift in Sources */,
				153429F428CF68D900E1FBE8 /* DataFetcher.swift in Sources */,
				15DEC2A228E072A900D9994E /* UIApplication.swift in Sources */,
				155F737D28CE371B007EEF5C /* PhotoViewController.swift in Sources */,
				15342A1A28D1BE6700E1FBE8 /* UserDefaults.swift in Sources */,
				155F735428CE3117007EEF5C /* SceneDelegate.swift in Sources */,
				155F736E28CE3200007EEF5C /* MainTabBarController.swift in Sources */,
				155F7A9728D9A68700048D22 /* FavoritesViewCell.swift in Sources */,
			);
			runOnlyForDeploymentPostprocessing = 0;
		};
/* End PBXSourcesBuildPhase section */

/* Begin XCBuildConfiguration section */
		155F736028CE3119007EEF5C /* Debug */ = {
			isa = XCBuildConfiguration;
			buildSettings = {
				ALWAYS_SEARCH_USER_PATHS = NO;
				CLANG_ANALYZER_NONNULL = YES;
				CLANG_ANALYZER_NUMBER_OBJECT_CONVERSION = YES_AGGRESSIVE;
				CLANG_CXX_LANGUAGE_STANDARD = "gnu++14";
				CLANG_CXX_LIBRARY = "libc++";
				CLANG_ENABLE_MODULES = YES;
				CLANG_ENABLE_OBJC_ARC = YES;
				CLANG_ENABLE_OBJC_WEAK = YES;
				CLANG_WARN_BLOCK_CAPTURE_AUTORELEASING = YES;
				CLANG_WARN_BOOL_CONVERSION = YES;
				CLANG_WARN_COMMA = YES;
				CLANG_WARN_CONSTANT_CONVERSION = YES;
				CLANG_WARN_DEPRECATED_OBJC_IMPLEMENTATIONS = YES;
				CLANG_WARN_DIRECT_OBJC_ISA_USAGE = YES_ERROR;
				CLANG_WARN_DOCUMENTATION_COMMENTS = YES;
				CLANG_WARN_EMPTY_BODY = YES;
				CLANG_WARN_ENUM_CONVERSION = YES;
				CLANG_WARN_INFINITE_RECURSION = YES;
				CLANG_WARN_INT_CONVERSION = YES;
				CLANG_WARN_NON_LITERAL_NULL_CONVERSION = YES;
				CLANG_WARN_OBJC_IMPLICIT_RETAIN_SELF = YES;
				CLANG_WARN_OBJC_LITERAL_CONVERSION = YES;
				CLANG_WARN_OBJC_ROOT_CLASS = YES_ERROR;
				CLANG_WARN_QUOTED_INCLUDE_IN_FRAMEWORK_HEADER = YES;
				CLANG_WARN_RANGE_LOOP_ANALYSIS = YES;
				CLANG_WARN_STRICT_PROTOTYPES = YES;
				CLANG_WARN_SUSPICIOUS_MOVE = YES;
				CLANG_WARN_UNGUARDED_AVAILABILITY = YES_AGGRESSIVE;
				CLANG_WARN_UNREACHABLE_CODE = YES;
				CLANG_WARN__DUPLICATE_METHOD_MATCH = YES;
				COPY_PHASE_STRIP = NO;
				DEBUG_INFORMATION_FORMAT = dwarf;
				ENABLE_STRICT_OBJC_MSGSEND = YES;
				ENABLE_TESTABILITY = YES;
				GCC_C_LANGUAGE_STANDARD = gnu11;
				GCC_DYNAMIC_NO_PIC = NO;
				GCC_NO_COMMON_BLOCKS = YES;
				GCC_OPTIMIZATION_LEVEL = 0;
				GCC_PREPROCESSOR_DEFINITIONS = (
					"DEBUG=1",
					"$(inherited)",
				);
				GCC_WARN_64_TO_32_BIT_CONVERSION = YES;
				GCC_WARN_ABOUT_RETURN_TYPE = YES_ERROR;
				GCC_WARN_UNDECLARED_SELECTOR = YES;
				GCC_WARN_UNINITIALIZED_AUTOS = YES_AGGRESSIVE;
				GCC_WARN_UNUSED_FUNCTION = YES;
				GCC_WARN_UNUSED_VARIABLE = YES;
				IPHONEOS_DEPLOYMENT_TARGET = 14.0;
				MTL_ENABLE_DEBUG_INFO = INCLUDE_SOURCE;
				MTL_FAST_MATH = YES;
				ONLY_ACTIVE_ARCH = YES;
				SDKROOT = iphoneos;
				SWIFT_ACTIVE_COMPILATION_CONDITIONS = DEBUG;
				SWIFT_OPTIMIZATION_LEVEL = "-Onone";
			};
			name = Debug;
		};
		155F736128CE3119007EEF5C /* Release */ = {
			isa = XCBuildConfiguration;
			buildSettings = {
				ALWAYS_SEARCH_USER_PATHS = NO;
				CLANG_ANALYZER_NONNULL = YES;
				CLANG_ANALYZER_NUMBER_OBJECT_CONVERSION = YES_AGGRESSIVE;
				CLANG_CXX_LANGUAGE_STANDARD = "gnu++14";
				CLANG_CXX_LIBRARY = "libc++";
				CLANG_ENABLE_MODULES = YES;
				CLANG_ENABLE_OBJC_ARC = YES;
				CLANG_ENABLE_OBJC_WEAK = YES;
				CLANG_WARN_BLOCK_CAPTURE_AUTORELEASING = YES;
				CLANG_WARN_BOOL_CONVERSION = YES;
				CLANG_WARN_COMMA = YES;
				CLANG_WARN_CONSTANT_CONVERSION = YES;
				CLANG_WARN_DEPRECATED_OBJC_IMPLEMENTATIONS = YES;
				CLANG_WARN_DIRECT_OBJC_ISA_USAGE = YES_ERROR;
				CLANG_WARN_DOCUMENTATION_COMMENTS = YES;
				CLANG_WARN_EMPTY_BODY = YES;
				CLANG_WARN_ENUM_CONVERSION = YES;
				CLANG_WARN_INFINITE_RECURSION = YES;
				CLANG_WARN_INT_CONVERSION = YES;
				CLANG_WARN_NON_LITERAL_NULL_CONVERSION = YES;
				CLANG_WARN_OBJC_IMPLICIT_RETAIN_SELF = YES;
				CLANG_WARN_OBJC_LITERAL_CONVERSION = YES;
				CLANG_WARN_OBJC_ROOT_CLASS = YES_ERROR;
				CLANG_WARN_QUOTED_INCLUDE_IN_FRAMEWORK_HEADER = YES;
				CLANG_WARN_RANGE_LOOP_ANALYSIS = YES;
				CLANG_WARN_STRICT_PROTOTYPES = YES;
				CLANG_WARN_SUSPICIOUS_MOVE = YES;
				CLANG_WARN_UNGUARDED_AVAILABILITY = YES_AGGRESSIVE;
				CLANG_WARN_UNREACHABLE_CODE = YES;
				CLANG_WARN__DUPLICATE_METHOD_MATCH = YES;
				COPY_PHASE_STRIP = NO;
				DEBUG_INFORMATION_FORMAT = "dwarf-with-dsym";
				ENABLE_NS_ASSERTIONS = NO;
				ENABLE_STRICT_OBJC_MSGSEND = YES;
				GCC_C_LANGUAGE_STANDARD = gnu11;
				GCC_NO_COMMON_BLOCKS = YES;
				GCC_WARN_64_TO_32_BIT_CONVERSION = YES;
				GCC_WARN_ABOUT_RETURN_TYPE = YES_ERROR;
				GCC_WARN_UNDECLARED_SELECTOR = YES;
				GCC_WARN_UNINITIALIZED_AUTOS = YES_AGGRESSIVE;
				GCC_WARN_UNUSED_FUNCTION = YES;
				GCC_WARN_UNUSED_VARIABLE = YES;
				IPHONEOS_DEPLOYMENT_TARGET = 14.0;
				MTL_ENABLE_DEBUG_INFO = NO;
				MTL_FAST_MATH = YES;
				SDKROOT = iphoneos;
				SWIFT_COMPILATION_MODE = wholemodule;
				SWIFT_OPTIMIZATION_LEVEL = "-O";
				VALIDATE_PRODUCT = YES;
			};
			name = Release;
		};
		155F736328CE3119007EEF5C /* Debug */ = {
			isa = XCBuildConfiguration;
			baseConfigurationReference = C92E087128C582CAC6A00CAD /* Pods-UnsplashMiniApp.debug.xcconfig */;
			buildSettings = {
				ASSETCATALOG_COMPILER_APPICON_NAME = AppIcon;
				ASSETCATALOG_COMPILER_GLOBAL_ACCENT_COLOR_NAME = AccentColor;
				CODE_SIGN_STYLE = Automatic;
				DEVELOPMENT_TEAM = 48KB556P8Y;
				INFOPLIST_FILE = UnsplashMiniApp/SupportingFiles/Info.plist;
				LD_RUNPATH_SEARCH_PATHS = (
					"$(inherited)",
					"@executable_path/Frameworks",
				);
				PRODUCT_BUNDLE_IDENTIFIER = ru.maksApp.UnsplashMiniApp;
				PRODUCT_NAME = "$(TARGET_NAME)";
				SWIFT_VERSION = 5.0;
				TARGETED_DEVICE_FAMILY = 1;
			};
			name = Debug;
		};
		155F736428CE3119007EEF5C /* Release */ = {
			isa = XCBuildConfiguration;
			baseConfigurationReference = CD9020D31B610157193B60C2 /* Pods-UnsplashMiniApp.release.xcconfig */;
			buildSettings = {
				ASSETCATALOG_COMPILER_APPICON_NAME = AppIcon;
				ASSETCATALOG_COMPILER_GLOBAL_ACCENT_COLOR_NAME = AccentColor;
				CODE_SIGN_STYLE = Automatic;
				DEVELOPMENT_TEAM = 48KB556P8Y;
				INFOPLIST_FILE = UnsplashMiniApp/SupportingFiles/Info.plist;
				LD_RUNPATH_SEARCH_PATHS = (
					"$(inherited)",
					"@executable_path/Frameworks",
				);
				PRODUCT_BUNDLE_IDENTIFIER = ru.maksApp.UnsplashMiniApp;
				PRODUCT_NAME = "$(TARGET_NAME)";
				SWIFT_VERSION = 5.0;
				TARGETED_DEVICE_FAMILY = 1;
			};
			name = Release;
		};
/* End XCBuildConfiguration section */

/* Begin XCConfigurationList section */
		155F734928CE3117007EEF5C /* Build configuration list for PBXProject "UnsplashMiniApp" */ = {
			isa = XCConfigurationList;
			buildConfigurations = (
				155F736028CE3119007EEF5C /* Debug */,
				155F736128CE3119007EEF5C /* Release */,
			);
			defaultConfigurationIsVisible = 0;
			defaultConfigurationName = Release;
		};
		155F736228CE3119007EEF5C /* Build configuration list for PBXNativeTarget "UnsplashMiniApp" */ = {
			isa = XCConfigurationList;
			buildConfigurations = (
				155F736328CE3119007EEF5C /* Debug */,
				155F736428CE3119007EEF5C /* Release */,
			);
			defaultConfigurationIsVisible = 0;
			defaultConfigurationName = Release;
		};
/* End XCConfigurationList section */
	};
	rootObject = 155F734628CE3117007EEF5C /* Project object */;
}
